// !$*UTF8*$!
{
	archiveVersion = 1;
	classes = {
	};
	objectVersion = 46;
	objects = {

/* Begin PBXBuildFile section */
		7FFE99A5171F20D400A9BBBD /* Foundation.framework in Frameworks */ = {isa = PBXBuildFile; fileRef = 7FFE99A4171F20D400A9BBBD /* Foundation.framework */; };
		7FFE99A8171F20D400A9BBBD /* main.m in Sources */ = {isa = PBXBuildFile; fileRef = 7FFE99A7171F20D400A9BBBD /* main.m */; };
		7FFE99AC171F20D400A9BBBD /* SumOfNumbersFromFile.1 in CopyFiles */ = {isa = PBXBuildFile; fileRef = 7FFE99AB171F20D400A9BBBD /* SumOfNumbersFromFile.1 */; };
/* End PBXBuildFile section */

/* Begin PBXCopyFilesBuildPhase section */
		7FFE999F171F20D400A9BBBD /* CopyFiles */ = {
			isa = PBXCopyFilesBuildPhase;
			buildActionMask = 2147483647;
			dstPath = /usr/share/man/man1/;
			dstSubfolderSpec = 0;
			files = (
				7FFE99AC171F20D400A9BBBD /* SumOfNumbersFromFile.1 in CopyFiles */,
			);
			runOnlyForDeploymentPostprocessing = 1;
		};
/* End PBXCopyFilesBuildPhase section */

/* Begin PBXFileReference section */
		7FFE99A1171F20D400A9BBBD /* SumOfIntegersFromFile */ = {isa = PBXFileReference; explicitFileType = "compiled.mach-o.executable"; includeInIndex = 0; path = SumOfIntegersFromFile; sourceTree = BUILT_PRODUCTS_DIR; };
		7FFE99A4171F20D400A9BBBD /* Foundation.framework */ = {isa = PBXFileReference; lastKnownFileType = wrapper.framework; name = Foundation.framework; path = System/Library/Frameworks/Foundation.framework; sourceTree = SDKROOT; };
		7FFE99A7171F20D400A9BBBD /* main.m */ = {isa = PBXFileReference; lastKnownFileType = sourcecode.c.objc; path = main.m; sourceTree = "<group>"; };
		7FFE99AA171F20D400A9BBBD /* SumOfIntegersFromFile-Prefix.pch */ = {isa = PBXFileReference; lastKnownFileType = sourcecode.c.h; path = "SumOfIntegersFromFile-Prefix.pch"; sourceTree = "<group>"; };
		7FFE99AB171F20D400A9BBBD /* SumOfNumbersFromFile.1 */ = {isa = PBXFileReference; lastKnownFileType = text.man; path = SumOfNumbersFromFile.1; sourceTree = "<group>"; };
/* End PBXFileReference section */

/* Begin PBXFrameworksBuildPhase section */
		7FFE999E171F20D400A9BBBD /* Frameworks */ = {
			isa = PBXFrameworksBuildPhase;
			buildActionMask = 2147483647;
			files = (
				7FFE99A5171F20D400A9BBBD /* Foundation.framework in Frameworks */,
			);
			runOnlyForDeploymentPostprocessing = 0;
		};
/* End PBXFrameworksBuildPhase section */

/* Begin PBXGroup section */
		7FFE9998171F20D400A9BBBD = {
			isa = PBXGroup;
			children = (
				7FFE99A6171F20D400A9BBBD /* SumOfNumbersFromFile */,
				7FFE99A3171F20D400A9BBBD /* Frameworks */,
				7FFE99A2171F20D400A9BBBD /* Products */,
			);
			sourceTree = "<group>";
		};
		7FFE99A2171F20D400A9BBBD /* Products */ = {
			isa = PBXGroup;
			children = (
				7FFE99A1171F20D400A9BBBD /* SumOfIntegersFromFile */,
			);
			name = Products;
			sourceTree = "<group>";
		};
		7FFE99A3171F20D400A9BBBD /* Frameworks */ = {
			isa = PBXGroup;
			children = (
				7FFE99A4171F20D400A9BBBD /* Foundation.framework */,
			);
			name = Frameworks;
			sourceTree = "<group>";
		};
		7FFE99A6171F20D400A9BBBD /* SumOfNumbersFromFile */ = {
			isa = PBXGroup;
			children = (
				7FFE99A7171F20D400A9BBBD /* main.m */,
				7FFE99AB171F20D400A9BBBD /* SumOfNumbersFromFile.1 */,
				7FFE99A9171F20D400A9BBBD /* Supporting Files */,
			);
			path = SumOfNumbersFromFile;
			sourceTree = "<group>";
		};
		7FFE99A9171F20D400A9BBBD /* Supporting Files */ = {
			isa = PBXGroup;
			children = (
				7FFE99AA171F20D400A9BBBD /* SumOfIntegersFromFile-Prefix.pch */,
			);
			name = "Supporting Files";
			sourceTree = "<group>";
		};
/* End PBXGroup section */

/* Begin PBXNativeTarget section */
		7FFE99A0171F20D400A9BBBD /* SumOfIntegersFromFile */ = {
			isa = PBXNativeTarget;
			buildConfigurationList = 7FFE99AF171F20D400A9BBBD /* Build configuration list for PBXNativeTarget "SumOfIntegersFromFile" */;
			buildPhases = (
				7FFE999D171F20D400A9BBBD /* Sources */,
				7FFE999E171F20D400A9BBBD /* Frameworks */,
				7FFE999F171F20D400A9BBBD /* CopyFiles */,
			);
			buildRules = (
			);
			dependencies = (
			);
			name = SumOfIntegersFromFile;
			productName = SumOfNumbersFromFile;
			productReference = 7FFE99A1171F20D400A9BBBD /* SumOfIntegersFromFile */;
			productType = "com.apple.product-type.tool";
		};
/* End PBXNativeTarget section */

/* Begin PBXProject section */
		7FFE9999171F20D400A9BBBD /* Project object */ = {
			isa = PBXProject;
			attributes = {
				LastUpgradeCheck = 0460;
				ORGANIZATIONNAME = "Derrick Ho";
			};
			buildConfigurationList = 7FFE999C171F20D400A9BBBD /* Build configuration list for PBXProject "SumOfIntegersFromFile" */;
			compatibilityVersion = "Xcode 3.2";
			developmentRegion = English;
			hasScannedForEncodings = 0;
			knownRegions = (
				en,
			);
			mainGroup = 7FFE9998171F20D400A9BBBD;
			productRefGroup = 7FFE99A2171F20D400A9BBBD /* Products */;
			projectDirPath = "";
			projectRoot = "";
			targets = (
				7FFE99A0171F20D400A9BBBD /* SumOfIntegersFromFile */,
			);
		};
/* End PBXProject section */

/* Begin PBXSourcesBuildPhase section */
		7FFE999D171F20D400A9BBBD /* Sources */ = {
			isa = PBXSourcesBuildPhase;
			buildActionMask = 2147483647;
			files = (
				7FFE99A8171F20D400A9BBBD /* main.m in Sources */,
			);
			runOnlyForDeploymentPostprocessing = 0;
		};
/* End PBXSourcesBuildPhase section */

/* Begin XCBuildConfiguration section */
		7FFE99AD171F20D400A9BBBD /* Debug */ = {
			isa = XCBuildConfiguration;
			buildSettings = {
				ALWAYS_SEARCH_USER_PATHS = NO;
				ARCHS = "$(ARCHS_STANDARD_64_BIT)";
				CLANG_CXX_LANGUAGE_STANDARD = "gnu++0x";
				CLANG_CXX_LIBRARY = "libc++";
				CLANG_WARN_CONSTANT_CONVERSION = YES;
				CLANG_WARN_EMPTY_BODY = YES;
				CLANG_WARN_ENUM_CONVERSION = YES;
				CLANG_WARN_INT_CONVERSION = YES;
				CLANG_WARN__DUPLICATE_METHOD_MATCH = YES;
				COPY_PHASE_STRIP = NO;
				GCC_C_LANGUAGE_STANDARD = gnu99;
				GCC_DYNAMIC_NO_PIC = NO;
				GCC_ENABLE_OBJC_EXCEPTIONS = YES;
				GCC_OPTIMIZATION_LEVEL = 0;
				GCC_PREPROCESSOR_DEFINITIONS = (
					"DEBUG=1",
					"$(inherited)",
				);
				GCC_SYMBOLS_PRIVATE_EXTERN = NO;
				GCC_WARN_64_TO_32_BIT_CONVERSION = YES;
				GCC_WARN_ABOUT_RETURN_TYPE = YES;
				GCC_WARN_UNINITIALIZED_AUTOS = YES;
				GCC_WARN_UNUSED_VARIABLE = YES;
				MACOSX_DEPLOYMENT_TARGET = 10.7;
				ONLY_ACTIVE_ARCH = YES;
				SDKROOT = macosx;
			};
			name = Debug;
		};
		7FFE99AE171F20D400A9BBBD /* Release */ = {
			isa = XCBuildConfiguration;
			buildSettings = {
				ALWAYS_SEARCH_USER_PATHS = NO;
				ARCHS = "$(ARCHS_STANDARD_64_BIT)";
				CLANG_CXX_LANGUAGE_STANDARD = "gnu++0x";
				CLANG_CXX_LIBRARY = "libc++";
				CLANG_WARN_CONSTANT_CONVERSION = YES;
				CLANG_WARN_EMPTY_BODY = YES;
				CLANG_WARN_ENUM_CONVERSION = YES;
				CLANG_WARN_INT_CONVERSION = YES;
				CLANG_WARN__DUPLICATE_METHOD_MATCH = YES;
				COPY_PHASE_STRIP = YES;
				DEBUG_INFORMATION_FORMAT = "dwarf-with-dsym";
				GCC_C_LANGUAGE_STANDARD = gnu99;
				GCC_ENABLE_OBJC_EXCEPTIONS = YES;
				GCC_WARN_64_TO_32_BIT_CONVERSION = YES;
				GCC_WARN_ABOUT_RETURN_TYPE = YES;
				GCC_WARN_UNINITIALIZED_AUTOS = YES;
				GCC_WARN_UNUSED_VARIABLE = YES;
				MACOSX_DEPLOYMENT_TARGET = 10.7;
				SDKROOT = macosx;
			};
			name = Release;
		};
		7FFE99B0171F20D400A9BBBD /* Debug */ = {
			isa = XCBuildConfiguration;
			buildSettings = {
				GCC_PRECOMPILE_PREFIX_HEADER = YES;
				GCC_PREFIX_HEADER = "SumOfNumbersFromFile/SumOfIntegersFromFile-Prefix.pch";
				PRODUCT_NAME = SumOfIntegersFromFile;
			};
			name = Debug;
		};
		7FFE99B1171F20D400A9BBBD /* Release */ = {
			isa = XCBuildConfiguration;
			buildSettings = {
				GCC_PRECOMPILE_PREFIX_HEADER = YES;
				GCC_PREFIX_HEADER = "SumOfNumbersFromFile/SumOfIntegersFromFile-Prefix.pch";
				PRODUCT_NAME = SumOfIntegersFromFile;
			};
			name = Release;
		};
/* End XCBuildConfiguration section */

/* Begin XCConfigurationList section */
		7FFE999C171F20D400A9BBBD /* Build configuration list for PBXProject "SumOfIntegersFromFile" */ = {
			isa = XCConfigurationList;
			buildConfigurations = (
				7FFE99AD171F20D400A9BBBD /* Debug */,
				7FFE99AE171F20D400A9BBBD /* Release */,
			);
			defaultConfigurationIsVisible = 0;
			defaultConfigurationName = Release;
		};
		7FFE99AF171F20D400A9BBBD /* Build configuration list for PBXNativeTarget "SumOfIntegersFromFile" */ = {
			isa = XCConfigurationList;
			buildConfigurations = (
				7FFE99B0171F20D400A9BBBD /* Debug */,
				7FFE99B1171F20D400A9BBBD /* Release */,
			);
			defaultConfigurationIsVisible = 0;
		};
/* End XCConfigurationList section */
	};
	rootObject = 7FFE9999171F20D400A9BBBD /* Project object */;
}
