// !$*UTF8*$!
{
	archiveVersion = 1;
	classes = {
	};
	objectVersion = 46;
	objects = {

/* Begin PBXBuildFile section */
		7F3C70D11745BDFC0071A0B5 /* Foundation.framework in Frameworks */ = {isa = PBXBuildFile; fileRef = 7F3C70D01745BDFC0071A0B5 /* Foundation.framework */; };
		7F3C70D41745BDFC0071A0B5 /* main.m in Sources */ = {isa = PBXBuildFile; fileRef = 7F3C70D31745BDFC0071A0B5 /* main.m */; };
		7F3C70D81745BDFC0071A0B5 /* FindAWriter.1 in CopyFiles */ = {isa = PBXBuildFile; fileRef = 7F3C70D71745BDFC0071A0B5 /* FindAWriter.1 */; };
/* End PBXBuildFile section */

/* Begin PBXCopyFilesBuildPhase section */
		7F3C70CB1745BDFC0071A0B5 /* CopyFiles */ = {
			isa = PBXCopyFilesBuildPhase;
			buildActionMask = 2147483647;
			dstPath = /usr/share/man/man1/;
			dstSubfolderSpec = 0;
			files = (
				7F3C70D81745BDFC0071A0B5 /* FindAWriter.1 in CopyFiles */,
			);
			runOnlyForDeploymentPostprocessing = 1;
		};
/* End PBXCopyFilesBuildPhase section */

/* Begin PBXFileReference section */
		7F3C70CD1745BDFC0071A0B5 /* FindAWriter */ = {isa = PBXFileReference; explicitFileType = "compiled.mach-o.executable"; includeInIndex = 0; path = FindAWriter; sourceTree = BUILT_PRODUCTS_DIR; };
		7F3C70D01745BDFC0071A0B5 /* Foundation.framework */ = {isa = PBXFileReference; lastKnownFileType = wrapper.framework; name = Foundation.framework; path = System/Library/Frameworks/Foundation.framework; sourceTree = SDKROOT; };
		7F3C70D31745BDFC0071A0B5 /* main.m */ = {isa = PBXFileReference; lastKnownFileType = sourcecode.c.objc; path = main.m; sourceTree = "<group>"; };
		7F3C70D61745BDFC0071A0B5 /* FindAWriter-Prefix.pch */ = {isa = PBXFileReference; lastKnownFileType = sourcecode.c.h; path = "FindAWriter-Prefix.pch"; sourceTree = "<group>"; };
		7F3C70D71745BDFC0071A0B5 /* FindAWriter.1 */ = {isa = PBXFileReference; lastKnownFileType = text.man; path = FindAWriter.1; sourceTree = "<group>"; };
		7F3C70DE1745C1DA0071A0B5 /* File */ = {isa = PBXFileReference; fileEncoding = 4; lastKnownFileType = text; path = File; sourceTree = "<group>"; };
/* End PBXFileReference section */

/* Begin PBXFrameworksBuildPhase section */
		7F3C70CA1745BDFC0071A0B5 /* Frameworks */ = {
			isa = PBXFrameworksBuildPhase;
			buildActionMask = 2147483647;
			files = (
				7F3C70D11745BDFC0071A0B5 /* Foundation.framework in Frameworks */,
			);
			runOnlyForDeploymentPostprocessing = 0;
		};
/* End PBXFrameworksBuildPhase section */

/* Begin PBXGroup section */
		7F3C70C41745BDFC0071A0B5 = {
			isa = PBXGroup;
			children = (
				7F3C70D21745BDFC0071A0B5 /* FindAWriter */,
				7F3C70CF1745BDFC0071A0B5 /* Frameworks */,
				7F3C70CE1745BDFC0071A0B5 /* Products */,
			);
			sourceTree = "<group>";
		};
		7F3C70CE1745BDFC0071A0B5 /* Products */ = {
			isa = PBXGroup;
			children = (
				7F3C70CD1745BDFC0071A0B5 /* FindAWriter */,
			);
			name = Products;
			sourceTree = "<group>";
		};
		7F3C70CF1745BDFC0071A0B5 /* Frameworks */ = {
			isa = PBXGroup;
			children = (
				7F3C70D01745BDFC0071A0B5 /* Foundation.framework */,
			);
			name = Frameworks;
			sourceTree = "<group>";
		};
		7F3C70D21745BDFC0071A0B5 /* FindAWriter */ = {
			isa = PBXGroup;
			children = (
				7F3C70D31745BDFC0071A0B5 /* main.m */,
				7F3C70DE1745C1DA0071A0B5 /* File */,
				7F3C70D71745BDFC0071A0B5 /* FindAWriter.1 */,
				7F3C70D51745BDFC0071A0B5 /* Supporting Files */,
			);
			path = FindAWriter;
			sourceTree = "<group>";
		};
		7F3C70D51745BDFC0071A0B5 /* Supporting Files */ = {
			isa = PBXGroup;
			children = (
				7F3C70D61745BDFC0071A0B5 /* FindAWriter-Prefix.pch */,
			);
			name = "Supporting Files";
			sourceTree = "<group>";
		};
/* End PBXGroup section */

/* Begin PBXNativeTarget section */
		7F3C70CC1745BDFC0071A0B5 /* FindAWriter */ = {
			isa = PBXNativeTarget;
			buildConfigurationList = 7F3C70DB1745BDFC0071A0B5 /* Build configuration list for PBXNativeTarget "FindAWriter" */;
			buildPhases = (
				7F3C70C91745BDFC0071A0B5 /* Sources */,
				7F3C70CA1745BDFC0071A0B5 /* Frameworks */,
				7F3C70CB1745BDFC0071A0B5 /* CopyFiles */,
			);
			buildRules = (
			);
			dependencies = (
			);
			name = FindAWriter;
			productName = FindAWriter;
			productReference = 7F3C70CD1745BDFC0071A0B5 /* FindAWriter */;
			productType = "com.apple.product-type.tool";
		};
/* End PBXNativeTarget section */

/* Begin PBXProject section */
		7F3C70C51745BDFC0071A0B5 /* Project object */ = {
			isa = PBXProject;
			attributes = {
				LastUpgradeCheck = 0460;
				ORGANIZATIONNAME = "Derrick Ho";
			};
			buildConfigurationList = 7F3C70C81745BDFC0071A0B5 /* Build configuration list for PBXProject "FindAWriter" */;
			compatibilityVersion = "Xcode 3.2";
			developmentRegion = English;
			hasScannedForEncodings = 0;
			knownRegions = (
				en,
			);
			mainGroup = 7F3C70C41745BDFC0071A0B5;
			productRefGroup = 7F3C70CE1745BDFC0071A0B5 /* Products */;
			projectDirPath = "";
			projectRoot = "";
			targets = (
				7F3C70CC1745BDFC0071A0B5 /* FindAWriter */,
			);
		};
/* End PBXProject section */

/* Begin PBXSourcesBuildPhase section */
		7F3C70C91745BDFC0071A0B5 /* Sources */ = {
			isa = PBXSourcesBuildPhase;
			buildActionMask = 2147483647;
			files = (
				7F3C70D41745BDFC0071A0B5 /* main.m in Sources */,
			);
			runOnlyForDeploymentPostprocessing = 0;
		};
/* End PBXSourcesBuildPhase section */

/* Begin XCBuildConfiguration section */
		7F3C70D91745BDFC0071A0B5 /* Debug */ = {
			isa = XCBuildConfiguration;
			buildSettings = {
				ALWAYS_SEARCH_USER_PATHS = NO;
				ARCHS = "$(ARCHS_STANDARD_64_BIT)";
				CLANG_CXX_LANGUAGE_STANDARD = "gnu++0x";
				CLANG_CXX_LIBRARY = "libc++";
				CLANG_WARN_CONSTANT_CONVERSION = YES;
				CLANG_WARN_EMPTY_BODY = YES;
				CLANG_WARN_ENUM_CONVERSION = YES;
				CLANG_WARN_INT_CONVERSION = YES;
				CLANG_WARN__DUPLICATE_METHOD_MATCH = YES;
				COPY_PHASE_STRIP = NO;
				GCC_C_LANGUAGE_STANDARD = gnu99;
				GCC_DYNAMIC_NO_PIC = NO;
				GCC_ENABLE_OBJC_EXCEPTIONS = YES;
				GCC_OPTIMIZATION_LEVEL = 0;
				GCC_PREPROCESSOR_DEFINITIONS = (
					"DEBUG=1",
					"$(inherited)",
				);
				GCC_SYMBOLS_PRIVATE_EXTERN = NO;
				GCC_WARN_64_TO_32_BIT_CONVERSION = YES;
				GCC_WARN_ABOUT_RETURN_TYPE = YES;
				GCC_WARN_UNINITIALIZED_AUTOS = YES;
				GCC_WARN_UNUSED_VARIABLE = YES;
				MACOSX_DEPLOYMENT_TARGET = 10.7;
				ONLY_ACTIVE_ARCH = YES;
				SDKROOT = macosx;
			};
			name = Debug;
		};
		7F3C70DA1745BDFC0071A0B5 /* Release */ = {
			isa = XCBuildConfiguration;
			buildSettings = {
				ALWAYS_SEARCH_USER_PATHS = NO;
				ARCHS = "$(ARCHS_STANDARD_64_BIT)";
				CLANG_CXX_LANGUAGE_STANDARD = "gnu++0x";
				CLANG_CXX_LIBRARY = "libc++";
				CLANG_WARN_CONSTANT_CONVERSION = YES;
				CLANG_WARN_EMPTY_BODY = YES;
				CLANG_WARN_ENUM_CONVERSION = YES;
				CLANG_WARN_INT_CONVERSION = YES;
				CLANG_WARN__DUPLICATE_METHOD_MATCH = YES;
				COPY_PHASE_STRIP = YES;
				DEBUG_INFORMATION_FORMAT = "dwarf-with-dsym";
				GCC_C_LANGUAGE_STANDARD = gnu99;
				GCC_ENABLE_OBJC_EXCEPTIONS = YES;
				GCC_WARN_64_TO_32_BIT_CONVERSION = YES;
				GCC_WARN_ABOUT_RETURN_TYPE = YES;
				GCC_WARN_UNINITIALIZED_AUTOS = YES;
				GCC_WARN_UNUSED_VARIABLE = YES;
				MACOSX_DEPLOYMENT_TARGET = 10.7;
				SDKROOT = macosx;
			};
			name = Release;
		};
		7F3C70DC1745BDFC0071A0B5 /* Debug */ = {
			isa = XCBuildConfiguration;
			buildSettings = {
				GCC_PRECOMPILE_PREFIX_HEADER = YES;
				GCC_PREFIX_HEADER = "FindAWriter/FindAWriter-Prefix.pch";
				PRODUCT_NAME = "$(TARGET_NAME)";
			};
			name = Debug;
		};
		7F3C70DD1745BDFC0071A0B5 /* Release */ = {
			isa = XCBuildConfiguration;
			buildSettings = {
				GCC_PRECOMPILE_PREFIX_HEADER = YES;
				GCC_PREFIX_HEADER = "FindAWriter/FindAWriter-Prefix.pch";
				PRODUCT_NAME = "$(TARGET_NAME)";
			};
			name = Release;
		};
/* End XCBuildConfiguration section */

/* Begin XCConfigurationList section */
		7F3C70C81745BDFC0071A0B5 /* Build configuration list for PBXProject "FindAWriter" */ = {
			isa = XCConfigurationList;
			buildConfigurations = (
				7F3C70D91745BDFC0071A0B5 /* Debug */,
				7F3C70DA1745BDFC0071A0B5 /* Release */,
			);
			defaultConfigurationIsVisible = 0;
			defaultConfigurationName = Release;
		};
		7F3C70DB1745BDFC0071A0B5 /* Build configuration list for PBXNativeTarget "FindAWriter" */ = {
			isa = XCConfigurationList;
			buildConfigurations = (
				7F3C70DC1745BDFC0071A0B5 /* Debug */,
				7F3C70DD1745BDFC0071A0B5 /* Release */,
			);
			defaultConfigurationIsVisible = 0;
		};
/* End XCConfigurationList section */
	};
	rootObject = 7F3C70C51745BDFC0071A0B5 /* Project object */;
}
