// !$*UTF8*$!
{
	archiveVersion = 1;
	classes = {
	};
	objectVersion = 46;
	objects = {

/* Begin PBXBuildFile section */
		7FEA4A7E172C70DE00F2F2AC /* Foundation.framework in Frameworks */ = {isa = PBXBuildFile; fileRef = 7FEA4A7D172C70DE00F2F2AC /* Foundation.framework */; };
		7FEA4A81172C70DE00F2F2AC /* main.m in Sources */ = {isa = PBXBuildFile; fileRef = 7FEA4A80172C70DE00F2F2AC /* main.m */; };
		7FEA4A85172C70DE00F2F2AC /* panagrams.1 in CopyFiles */ = {isa = PBXBuildFile; fileRef = 7FEA4A84172C70DE00F2F2AC /* panagrams.1 */; };
/* End PBXBuildFile section */

/* Begin PBXCopyFilesBuildPhase section */
		7FEA4A78172C70DE00F2F2AC /* CopyFiles */ = {
			isa = PBXCopyFilesBuildPhase;
			buildActionMask = 2147483647;
			dstPath = /usr/share/man/man1/;
			dstSubfolderSpec = 0;
			files = (
				7FEA4A85172C70DE00F2F2AC /* panagrams.1 in CopyFiles */,
			);
			runOnlyForDeploymentPostprocessing = 1;
		};
/* End PBXCopyFilesBuildPhase section */

/* Begin PBXFileReference section */
		7FEA4A7A172C70DE00F2F2AC /* panagrams */ = {isa = PBXFileReference; explicitFileType = "compiled.mach-o.executable"; includeInIndex = 0; path = panagrams; sourceTree = BUILT_PRODUCTS_DIR; };
		7FEA4A7D172C70DE00F2F2AC /* Foundation.framework */ = {isa = PBXFileReference; lastKnownFileType = wrapper.framework; name = Foundation.framework; path = System/Library/Frameworks/Foundation.framework; sourceTree = SDKROOT; };
		7FEA4A80172C70DE00F2F2AC /* main.m */ = {isa = PBXFileReference; lastKnownFileType = sourcecode.c.objc; path = main.m; sourceTree = "<group>"; };
		7FEA4A83172C70DE00F2F2AC /* panagrams-Prefix.pch */ = {isa = PBXFileReference; lastKnownFileType = sourcecode.c.h; path = "panagrams-Prefix.pch"; sourceTree = "<group>"; };
		7FEA4A84172C70DE00F2F2AC /* panagrams.1 */ = {isa = PBXFileReference; lastKnownFileType = text.man; path = panagrams.1; sourceTree = "<group>"; };
/* End PBXFileReference section */

/* Begin PBXFrameworksBuildPhase section */
		7FEA4A77172C70DE00F2F2AC /* Frameworks */ = {
			isa = PBXFrameworksBuildPhase;
			buildActionMask = 2147483647;
			files = (
				7FEA4A7E172C70DE00F2F2AC /* Foundation.framework in Frameworks */,
			);
			runOnlyForDeploymentPostprocessing = 0;
		};
/* End PBXFrameworksBuildPhase section */

/* Begin PBXGroup section */
		7FEA4A71172C70DE00F2F2AC = {
			isa = PBXGroup;
			children = (
				7FEA4A7F172C70DE00F2F2AC /* panagrams */,
				7FEA4A7C172C70DE00F2F2AC /* Frameworks */,
				7FEA4A7B172C70DE00F2F2AC /* Products */,
			);
			sourceTree = "<group>";
		};
		7FEA4A7B172C70DE00F2F2AC /* Products */ = {
			isa = PBXGroup;
			children = (
				7FEA4A7A172C70DE00F2F2AC /* panagrams */,
			);
			name = Products;
			sourceTree = "<group>";
		};
		7FEA4A7C172C70DE00F2F2AC /* Frameworks */ = {
			isa = PBXGroup;
			children = (
				7FEA4A7D172C70DE00F2F2AC /* Foundation.framework */,
			);
			name = Frameworks;
			sourceTree = "<group>";
		};
		7FEA4A7F172C70DE00F2F2AC /* panagrams */ = {
			isa = PBXGroup;
			children = (
				7FEA4A80172C70DE00F2F2AC /* main.m */,
				7FEA4A84172C70DE00F2F2AC /* panagrams.1 */,
				7FEA4A82172C70DE00F2F2AC /* Supporting Files */,
			);
			path = panagrams;
			sourceTree = "<group>";
		};
		7FEA4A82172C70DE00F2F2AC /* Supporting Files */ = {
			isa = PBXGroup;
			children = (
				7FEA4A83172C70DE00F2F2AC /* panagrams-Prefix.pch */,
			);
			name = "Supporting Files";
			sourceTree = "<group>";
		};
/* End PBXGroup section */

/* Begin PBXNativeTarget section */
		7FEA4A79172C70DE00F2F2AC /* panagrams */ = {
			isa = PBXNativeTarget;
			buildConfigurationList = 7FEA4A88172C70DE00F2F2AC /* Build configuration list for PBXNativeTarget "panagrams" */;
			buildPhases = (
				7FEA4A76172C70DE00F2F2AC /* Sources */,
				7FEA4A77172C70DE00F2F2AC /* Frameworks */,
				7FEA4A78172C70DE00F2F2AC /* CopyFiles */,
			);
			buildRules = (
			);
			dependencies = (
			);
			name = panagrams;
			productName = panagrams;
			productReference = 7FEA4A7A172C70DE00F2F2AC /* panagrams */;
			productType = "com.apple.product-type.tool";
		};
/* End PBXNativeTarget section */

/* Begin PBXProject section */
		7FEA4A72172C70DE00F2F2AC /* Project object */ = {
			isa = PBXProject;
			attributes = {
				LastUpgradeCheck = 0460;
				ORGANIZATIONNAME = "Derrick Ho";
			};
			buildConfigurationList = 7FEA4A75172C70DE00F2F2AC /* Build configuration list for PBXProject "panagrams" */;
			compatibilityVersion = "Xcode 3.2";
			developmentRegion = English;
			hasScannedForEncodings = 0;
			knownRegions = (
				en,
			);
			mainGroup = 7FEA4A71172C70DE00F2F2AC;
			productRefGroup = 7FEA4A7B172C70DE00F2F2AC /* Products */;
			projectDirPath = "";
			projectRoot = "";
			targets = (
				7FEA4A79172C70DE00F2F2AC /* panagrams */,
			);
		};
/* End PBXProject section */

/* Begin PBXSourcesBuildPhase section */
		7FEA4A76172C70DE00F2F2AC /* Sources */ = {
			isa = PBXSourcesBuildPhase;
			buildActionMask = 2147483647;
			files = (
				7FEA4A81172C70DE00F2F2AC /* main.m in Sources */,
			);
			runOnlyForDeploymentPostprocessing = 0;
		};
/* End PBXSourcesBuildPhase section */

/* Begin XCBuildConfiguration section */
		7FEA4A86172C70DE00F2F2AC /* Debug */ = {
			isa = XCBuildConfiguration;
			buildSettings = {
				ALWAYS_SEARCH_USER_PATHS = NO;
				ARCHS = "$(ARCHS_STANDARD_64_BIT)";
				CLANG_CXX_LANGUAGE_STANDARD = "gnu++0x";
				CLANG_CXX_LIBRARY = "libc++";
				CLANG_WARN_CONSTANT_CONVERSION = YES;
				CLANG_WARN_EMPTY_BODY = YES;
				CLANG_WARN_ENUM_CONVERSION = YES;
				CLANG_WARN_INT_CONVERSION = YES;
				CLANG_WARN__DUPLICATE_METHOD_MATCH = YES;
				COPY_PHASE_STRIP = NO;
				GCC_C_LANGUAGE_STANDARD = gnu99;
				GCC_DYNAMIC_NO_PIC = NO;
				GCC_ENABLE_OBJC_EXCEPTIONS = YES;
				GCC_OPTIMIZATION_LEVEL = 0;
				GCC_PREPROCESSOR_DEFINITIONS = (
					"DEBUG=1",
					"$(inherited)",
				);
				GCC_SYMBOLS_PRIVATE_EXTERN = NO;
				GCC_WARN_64_TO_32_BIT_CONVERSION = YES;
				GCC_WARN_ABOUT_RETURN_TYPE = YES;
				GCC_WARN_UNINITIALIZED_AUTOS = YES;
				GCC_WARN_UNUSED_VARIABLE = YES;
				MACOSX_DEPLOYMENT_TARGET = 10.7;
				ONLY_ACTIVE_ARCH = YES;
				SDKROOT = macosx;
			};
			name = Debug;
		};
		7FEA4A87172C70DE00F2F2AC /* Release */ = {
			isa = XCBuildConfiguration;
			buildSettings = {
				ALWAYS_SEARCH_USER_PATHS = NO;
				ARCHS = "$(ARCHS_STANDARD_64_BIT)";
				CLANG_CXX_LANGUAGE_STANDARD = "gnu++0x";
				CLANG_CXX_LIBRARY = "libc++";
				CLANG_WARN_CONSTANT_CONVERSION = YES;
				CLANG_WARN_EMPTY_BODY = YES;
				CLANG_WARN_ENUM_CONVERSION = YES;
				CLANG_WARN_INT_CONVERSION = YES;
				CLANG_WARN__DUPLICATE_METHOD_MATCH = YES;
				COPY_PHASE_STRIP = YES;
				DEBUG_INFORMATION_FORMAT = "dwarf-with-dsym";
				GCC_C_LANGUAGE_STANDARD = gnu99;
				GCC_ENABLE_OBJC_EXCEPTIONS = YES;
				GCC_WARN_64_TO_32_BIT_CONVERSION = YES;
				GCC_WARN_ABOUT_RETURN_TYPE = YES;
				GCC_WARN_UNINITIALIZED_AUTOS = YES;
				GCC_WARN_UNUSED_VARIABLE = YES;
				MACOSX_DEPLOYMENT_TARGET = 10.7;
				SDKROOT = macosx;
			};
			name = Release;
		};
		7FEA4A89172C70DE00F2F2AC /* Debug */ = {
			isa = XCBuildConfiguration;
			buildSettings = {
				GCC_PRECOMPILE_PREFIX_HEADER = YES;
				GCC_PREFIX_HEADER = "panagrams/panagrams-Prefix.pch";
				PRODUCT_NAME = "$(TARGET_NAME)";
			};
			name = Debug;
		};
		7FEA4A8A172C70DE00F2F2AC /* Release */ = {
			isa = XCBuildConfiguration;
			buildSettings = {
				GCC_PRECOMPILE_PREFIX_HEADER = YES;
				GCC_PREFIX_HEADER = "panagrams/panagrams-Prefix.pch";
				PRODUCT_NAME = "$(TARGET_NAME)";
			};
			name = Release;
		};
/* End XCBuildConfiguration section */

/* Begin XCConfigurationList section */
		7FEA4A75172C70DE00F2F2AC /* Build configuration list for PBXProject "panagrams" */ = {
			isa = XCConfigurationList;
			buildConfigurations = (
				7FEA4A86172C70DE00F2F2AC /* Debug */,
				7FEA4A87172C70DE00F2F2AC /* Release */,
			);
			defaultConfigurationIsVisible = 0;
			defaultConfigurationName = Release;
		};
		7FEA4A88172C70DE00F2F2AC /* Build configuration list for PBXNativeTarget "panagrams" */ = {
			isa = XCConfigurationList;
			buildConfigurations = (
				7FEA4A89172C70DE00F2F2AC /* Debug */,
				7FEA4A8A172C70DE00F2F2AC /* Release */,
			);
			defaultConfigurationIsVisible = 0;
		};
/* End XCConfigurationList section */
	};
	rootObject = 7FEA4A72172C70DE00F2F2AC /* Project object */;
}
