// !$*UTF8*$!
{
	archiveVersion = 1;
	classes = {
	};
	objectVersion = 46;
	objects = {

/* Begin PBXBuildFile section */
		7F20FE9C1726DB2700FBB670 /* Foundation.framework in Frameworks */ = {isa = PBXBuildFile; fileRef = 7F20FE9B1726DB2700FBB670 /* Foundation.framework */; };
		7F20FE9F1726DB2700FBB670 /* main.m in Sources */ = {isa = PBXBuildFile; fileRef = 7F20FE9E1726DB2700FBB670 /* main.m */; };
		7F20FEA31726DB2700FBB670 /* OddNumbers.1 in CopyFiles */ = {isa = PBXBuildFile; fileRef = 7F20FEA21726DB2700FBB670 /* OddNumbers.1 */; };
/* End PBXBuildFile section */

/* Begin PBXCopyFilesBuildPhase section */
		7F20FE961726DB2700FBB670 /* CopyFiles */ = {
			isa = PBXCopyFilesBuildPhase;
			buildActionMask = 2147483647;
			dstPath = /usr/share/man/man1/;
			dstSubfolderSpec = 0;
			files = (
				7F20FEA31726DB2700FBB670 /* OddNumbers.1 in CopyFiles */,
			);
			runOnlyForDeploymentPostprocessing = 1;
		};
/* End PBXCopyFilesBuildPhase section */

/* Begin PBXFileReference section */
		7F20FE981726DB2700FBB670 /* OddNumbers */ = {isa = PBXFileReference; explicitFileType = "compiled.mach-o.executable"; includeInIndex = 0; path = OddNumbers; sourceTree = BUILT_PRODUCTS_DIR; };
		7F20FE9B1726DB2700FBB670 /* Foundation.framework */ = {isa = PBXFileReference; lastKnownFileType = wrapper.framework; name = Foundation.framework; path = System/Library/Frameworks/Foundation.framework; sourceTree = SDKROOT; };
		7F20FE9E1726DB2700FBB670 /* main.m */ = {isa = PBXFileReference; lastKnownFileType = sourcecode.c.objc; path = main.m; sourceTree = "<group>"; };
		7F20FEA11726DB2700FBB670 /* OddNumbers-Prefix.pch */ = {isa = PBXFileReference; lastKnownFileType = sourcecode.c.h; path = "OddNumbers-Prefix.pch"; sourceTree = "<group>"; };
		7F20FEA21726DB2700FBB670 /* OddNumbers.1 */ = {isa = PBXFileReference; lastKnownFileType = text.man; path = OddNumbers.1; sourceTree = "<group>"; };
/* End PBXFileReference section */

/* Begin PBXFrameworksBuildPhase section */
		7F20FE951726DB2700FBB670 /* Frameworks */ = {
			isa = PBXFrameworksBuildPhase;
			buildActionMask = 2147483647;
			files = (
				7F20FE9C1726DB2700FBB670 /* Foundation.framework in Frameworks */,
			);
			runOnlyForDeploymentPostprocessing = 0;
		};
/* End PBXFrameworksBuildPhase section */

/* Begin PBXGroup section */
		7F20FE8F1726DB2700FBB670 = {
			isa = PBXGroup;
			children = (
				7F20FE9D1726DB2700FBB670 /* OddNumbers */,
				7F20FE9A1726DB2700FBB670 /* Frameworks */,
				7F20FE991726DB2700FBB670 /* Products */,
			);
			sourceTree = "<group>";
		};
		7F20FE991726DB2700FBB670 /* Products */ = {
			isa = PBXGroup;
			children = (
				7F20FE981726DB2700FBB670 /* OddNumbers */,
			);
			name = Products;
			sourceTree = "<group>";
		};
		7F20FE9A1726DB2700FBB670 /* Frameworks */ = {
			isa = PBXGroup;
			children = (
				7F20FE9B1726DB2700FBB670 /* Foundation.framework */,
			);
			name = Frameworks;
			sourceTree = "<group>";
		};
		7F20FE9D1726DB2700FBB670 /* OddNumbers */ = {
			isa = PBXGroup;
			children = (
				7F20FE9E1726DB2700FBB670 /* main.m */,
				7F20FEA21726DB2700FBB670 /* OddNumbers.1 */,
				7F20FEA01726DB2700FBB670 /* Supporting Files */,
			);
			path = OddNumbers;
			sourceTree = "<group>";
		};
		7F20FEA01726DB2700FBB670 /* Supporting Files */ = {
			isa = PBXGroup;
			children = (
				7F20FEA11726DB2700FBB670 /* OddNumbers-Prefix.pch */,
			);
			name = "Supporting Files";
			sourceTree = "<group>";
		};
/* End PBXGroup section */

/* Begin PBXNativeTarget section */
		7F20FE971726DB2700FBB670 /* OddNumbers */ = {
			isa = PBXNativeTarget;
			buildConfigurationList = 7F20FEA61726DB2700FBB670 /* Build configuration list for PBXNativeTarget "OddNumbers" */;
			buildPhases = (
				7F20FE941726DB2700FBB670 /* Sources */,
				7F20FE951726DB2700FBB670 /* Frameworks */,
				7F20FE961726DB2700FBB670 /* CopyFiles */,
			);
			buildRules = (
			);
			dependencies = (
			);
			name = OddNumbers;
			productName = OddNumbers;
			productReference = 7F20FE981726DB2700FBB670 /* OddNumbers */;
			productType = "com.apple.product-type.tool";
		};
/* End PBXNativeTarget section */

/* Begin PBXProject section */
		7F20FE901726DB2700FBB670 /* Project object */ = {
			isa = PBXProject;
			attributes = {
				LastUpgradeCheck = 0460;
				ORGANIZATIONNAME = "Derrick Ho";
			};
			buildConfigurationList = 7F20FE931726DB2700FBB670 /* Build configuration list for PBXProject "OddNumbers" */;
			compatibilityVersion = "Xcode 3.2";
			developmentRegion = English;
			hasScannedForEncodings = 0;
			knownRegions = (
				en,
			);
			mainGroup = 7F20FE8F1726DB2700FBB670;
			productRefGroup = 7F20FE991726DB2700FBB670 /* Products */;
			projectDirPath = "";
			projectRoot = "";
			targets = (
				7F20FE971726DB2700FBB670 /* OddNumbers */,
			);
		};
/* End PBXProject section */

/* Begin PBXSourcesBuildPhase section */
		7F20FE941726DB2700FBB670 /* Sources */ = {
			isa = PBXSourcesBuildPhase;
			buildActionMask = 2147483647;
			files = (
				7F20FE9F1726DB2700FBB670 /* main.m in Sources */,
			);
			runOnlyForDeploymentPostprocessing = 0;
		};
/* End PBXSourcesBuildPhase section */

/* Begin XCBuildConfiguration section */
		7F20FEA41726DB2700FBB670 /* Debug */ = {
			isa = XCBuildConfiguration;
			buildSettings = {
				ALWAYS_SEARCH_USER_PATHS = NO;
				ARCHS = "$(ARCHS_STANDARD_64_BIT)";
				CLANG_CXX_LANGUAGE_STANDARD = "gnu++0x";
				CLANG_CXX_LIBRARY = "libc++";
				CLANG_WARN_CONSTANT_CONVERSION = YES;
				CLANG_WARN_EMPTY_BODY = YES;
				CLANG_WARN_ENUM_CONVERSION = YES;
				CLANG_WARN_INT_CONVERSION = YES;
				CLANG_WARN__DUPLICATE_METHOD_MATCH = YES;
				COPY_PHASE_STRIP = NO;
				GCC_C_LANGUAGE_STANDARD = gnu99;
				GCC_DYNAMIC_NO_PIC = NO;
				GCC_ENABLE_OBJC_EXCEPTIONS = YES;
				GCC_OPTIMIZATION_LEVEL = 0;
				GCC_PREPROCESSOR_DEFINITIONS = (
					"DEBUG=1",
					"$(inherited)",
				);
				GCC_SYMBOLS_PRIVATE_EXTERN = NO;
				GCC_WARN_64_TO_32_BIT_CONVERSION = YES;
				GCC_WARN_ABOUT_RETURN_TYPE = YES;
				GCC_WARN_UNINITIALIZED_AUTOS = YES;
				GCC_WARN_UNUSED_VARIABLE = YES;
				MACOSX_DEPLOYMENT_TARGET = 10.7;
				ONLY_ACTIVE_ARCH = YES;
				SDKROOT = macosx;
			};
			name = Debug;
		};
		7F20FEA51726DB2700FBB670 /* Release */ = {
			isa = XCBuildConfiguration;
			buildSettings = {
				ALWAYS_SEARCH_USER_PATHS = NO;
				ARCHS = "$(ARCHS_STANDARD_64_BIT)";
				CLANG_CXX_LANGUAGE_STANDARD = "gnu++0x";
				CLANG_CXX_LIBRARY = "libc++";
				CLANG_WARN_CONSTANT_CONVERSION = YES;
				CLANG_WARN_EMPTY_BODY = YES;
				CLANG_WARN_ENUM_CONVERSION = YES;
				CLANG_WARN_INT_CONVERSION = YES;
				CLANG_WARN__DUPLICATE_METHOD_MATCH = YES;
				COPY_PHASE_STRIP = YES;
				DEBUG_INFORMATION_FORMAT = "dwarf-with-dsym";
				GCC_C_LANGUAGE_STANDARD = gnu99;
				GCC_ENABLE_OBJC_EXCEPTIONS = YES;
				GCC_WARN_64_TO_32_BIT_CONVERSION = YES;
				GCC_WARN_ABOUT_RETURN_TYPE = YES;
				GCC_WARN_UNINITIALIZED_AUTOS = YES;
				GCC_WARN_UNUSED_VARIABLE = YES;
				MACOSX_DEPLOYMENT_TARGET = 10.7;
				SDKROOT = macosx;
			};
			name = Release;
		};
		7F20FEA71726DB2700FBB670 /* Debug */ = {
			isa = XCBuildConfiguration;
			buildSettings = {
				GCC_PRECOMPILE_PREFIX_HEADER = YES;
				GCC_PREFIX_HEADER = "OddNumbers/OddNumbers-Prefix.pch";
				PRODUCT_NAME = "$(TARGET_NAME)";
			};
			name = Debug;
		};
		7F20FEA81726DB2700FBB670 /* Release */ = {
			isa = XCBuildConfiguration;
			buildSettings = {
				GCC_PRECOMPILE_PREFIX_HEADER = YES;
				GCC_PREFIX_HEADER = "OddNumbers/OddNumbers-Prefix.pch";
				PRODUCT_NAME = "$(TARGET_NAME)";
			};
			name = Release;
		};
/* End XCBuildConfiguration section */

/* Begin XCConfigurationList section */
		7F20FE931726DB2700FBB670 /* Build configuration list for PBXProject "OddNumbers" */ = {
			isa = XCConfigurationList;
			buildConfigurations = (
				7F20FEA41726DB2700FBB670 /* Debug */,
				7F20FEA51726DB2700FBB670 /* Release */,
			);
			defaultConfigurationIsVisible = 0;
			defaultConfigurationName = Release;
		};
		7F20FEA61726DB2700FBB670 /* Build configuration list for PBXNativeTarget "OddNumbers" */ = {
			isa = XCConfigurationList;
			buildConfigurations = (
				7F20FEA71726DB2700FBB670 /* Debug */,
				7F20FEA81726DB2700FBB670 /* Release */,
			);
			defaultConfigurationIsVisible = 0;
		};
/* End XCConfigurationList section */
	};
	rootObject = 7F20FE901726DB2700FBB670 /* Project object */;
}
