// !$*UTF8*$!
{
	archiveVersion = 1;
	classes = {
	};
	objectVersion = 46;
	objects = {

/* Begin PBXBuildFile section */
		7FC445591714DB9F00155CFC /* Foundation.framework in Frameworks */ = {isa = PBXBuildFile; fileRef = 7FC445581714DB9F00155CFC /* Foundation.framework */; };
		7FC4455C1714DB9F00155CFC /* main.m in Sources */ = {isa = PBXBuildFile; fileRef = 7FC4455B1714DB9F00155CFC /* main.m */; };
		7FC445601714DB9F00155CFC /* FizzBuzz_Objc.1 in CopyFiles */ = {isa = PBXBuildFile; fileRef = 7FC4455F1714DB9F00155CFC /* FizzBuzz_Objc.1 */; };
/* End PBXBuildFile section */

/* Begin PBXCopyFilesBuildPhase section */
		7FC445531714DB9E00155CFC /* CopyFiles */ = {
			isa = PBXCopyFilesBuildPhase;
			buildActionMask = 2147483647;
			dstPath = /usr/share/man/man1/;
			dstSubfolderSpec = 0;
			files = (
				7FC445601714DB9F00155CFC /* FizzBuzz_Objc.1 in CopyFiles */,
			);
			runOnlyForDeploymentPostprocessing = 1;
		};
/* End PBXCopyFilesBuildPhase section */

/* Begin PBXFileReference section */
		7FC445551714DB9F00155CFC /* FizzBuzz_Objc */ = {isa = PBXFileReference; explicitFileType = "compiled.mach-o.executable"; includeInIndex = 0; path = FizzBuzz_Objc; sourceTree = BUILT_PRODUCTS_DIR; };
		7FC445581714DB9F00155CFC /* Foundation.framework */ = {isa = PBXFileReference; lastKnownFileType = wrapper.framework; name = Foundation.framework; path = System/Library/Frameworks/Foundation.framework; sourceTree = SDKROOT; };
		7FC4455B1714DB9F00155CFC /* main.m */ = {isa = PBXFileReference; lastKnownFileType = sourcecode.c.objc; path = main.m; sourceTree = "<group>"; };
		7FC4455E1714DB9F00155CFC /* FizzBuzz_Objc-Prefix.pch */ = {isa = PBXFileReference; lastKnownFileType = sourcecode.c.h; path = "FizzBuzz_Objc-Prefix.pch"; sourceTree = "<group>"; };
		7FC4455F1714DB9F00155CFC /* FizzBuzz_Objc.1 */ = {isa = PBXFileReference; lastKnownFileType = text.man; path = FizzBuzz_Objc.1; sourceTree = "<group>"; };
		7FC445661714DE5200155CFC /* File.txt */ = {isa = PBXFileReference; lastKnownFileType = text; path = File.txt; sourceTree = "<group>"; };
/* End PBXFileReference section */

/* Begin PBXFrameworksBuildPhase section */
		7FC445521714DB9E00155CFC /* Frameworks */ = {
			isa = PBXFrameworksBuildPhase;
			buildActionMask = 2147483647;
			files = (
				7FC445591714DB9F00155CFC /* Foundation.framework in Frameworks */,
			);
			runOnlyForDeploymentPostprocessing = 0;
		};
/* End PBXFrameworksBuildPhase section */

/* Begin PBXGroup section */
		7FC4454C1714DB9E00155CFC = {
			isa = PBXGroup;
			children = (
				7FC4455A1714DB9F00155CFC /* FizzBuzz_Objc */,
				7FC445571714DB9F00155CFC /* Frameworks */,
				7FC445561714DB9F00155CFC /* Products */,
			);
			sourceTree = "<group>";
		};
		7FC445561714DB9F00155CFC /* Products */ = {
			isa = PBXGroup;
			children = (
				7FC445551714DB9F00155CFC /* FizzBuzz_Objc */,
			);
			name = Products;
			sourceTree = "<group>";
		};
		7FC445571714DB9F00155CFC /* Frameworks */ = {
			isa = PBXGroup;
			children = (
				7FC445581714DB9F00155CFC /* Foundation.framework */,
			);
			name = Frameworks;
			sourceTree = "<group>";
		};
		7FC4455A1714DB9F00155CFC /* FizzBuzz_Objc */ = {
			isa = PBXGroup;
			children = (
				7FC4455B1714DB9F00155CFC /* main.m */,
				7FC445661714DE5200155CFC /* File.txt */,
				7FC4455F1714DB9F00155CFC /* FizzBuzz_Objc.1 */,
				7FC4455D1714DB9F00155CFC /* Supporting Files */,
			);
			path = FizzBuzz_Objc;
			sourceTree = "<group>";
		};
		7FC4455D1714DB9F00155CFC /* Supporting Files */ = {
			isa = PBXGroup;
			children = (
				7FC4455E1714DB9F00155CFC /* FizzBuzz_Objc-Prefix.pch */,
			);
			name = "Supporting Files";
			sourceTree = "<group>";
		};
/* End PBXGroup section */

/* Begin PBXNativeTarget section */
		7FC445541714DB9E00155CFC /* FizzBuzz_Objc */ = {
			isa = PBXNativeTarget;
			buildConfigurationList = 7FC445631714DB9F00155CFC /* Build configuration list for PBXNativeTarget "FizzBuzz_Objc" */;
			buildPhases = (
				7FC445511714DB9E00155CFC /* Sources */,
				7FC445521714DB9E00155CFC /* Frameworks */,
				7FC445531714DB9E00155CFC /* CopyFiles */,
			);
			buildRules = (
			);
			dependencies = (
			);
			name = FizzBuzz_Objc;
			productName = FizzBuzz_Objc;
			productReference = 7FC445551714DB9F00155CFC /* FizzBuzz_Objc */;
			productType = "com.apple.product-type.tool";
		};
/* End PBXNativeTarget section */

/* Begin PBXProject section */
		7FC4454D1714DB9E00155CFC /* Project object */ = {
			isa = PBXProject;
			attributes = {
				LastUpgradeCheck = 0460;
				ORGANIZATIONNAME = "Derrick Ho";
			};
			buildConfigurationList = 7FC445501714DB9E00155CFC /* Build configuration list for PBXProject "FizzBuzz_Objc" */;
			compatibilityVersion = "Xcode 3.2";
			developmentRegion = English;
			hasScannedForEncodings = 0;
			knownRegions = (
				en,
			);
			mainGroup = 7FC4454C1714DB9E00155CFC;
			productRefGroup = 7FC445561714DB9F00155CFC /* Products */;
			projectDirPath = "";
			projectRoot = "";
			targets = (
				7FC445541714DB9E00155CFC /* FizzBuzz_Objc */,
			);
		};
/* End PBXProject section */

/* Begin PBXSourcesBuildPhase section */
		7FC445511714DB9E00155CFC /* Sources */ = {
			isa = PBXSourcesBuildPhase;
			buildActionMask = 2147483647;
			files = (
				7FC4455C1714DB9F00155CFC /* main.m in Sources */,
			);
			runOnlyForDeploymentPostprocessing = 0;
		};
/* End PBXSourcesBuildPhase section */

/* Begin XCBuildConfiguration section */
		7FC445611714DB9F00155CFC /* Debug */ = {
			isa = XCBuildConfiguration;
			buildSettings = {
				ALWAYS_SEARCH_USER_PATHS = NO;
				ARCHS = "$(ARCHS_STANDARD_64_BIT)";
				CLANG_CXX_LANGUAGE_STANDARD = "gnu++0x";
				CLANG_CXX_LIBRARY = "libc++";
				CLANG_WARN_CONSTANT_CONVERSION = YES;
				CLANG_WARN_EMPTY_BODY = YES;
				CLANG_WARN_ENUM_CONVERSION = YES;
				CLANG_WARN_INT_CONVERSION = YES;
				CLANG_WARN__DUPLICATE_METHOD_MATCH = YES;
				COPY_PHASE_STRIP = NO;
				GCC_C_LANGUAGE_STANDARD = gnu99;
				GCC_DYNAMIC_NO_PIC = NO;
				GCC_ENABLE_OBJC_EXCEPTIONS = YES;
				GCC_OPTIMIZATION_LEVEL = 0;
				GCC_PREPROCESSOR_DEFINITIONS = (
					"DEBUG=1",
					"$(inherited)",
				);
				GCC_SYMBOLS_PRIVATE_EXTERN = NO;
				GCC_WARN_64_TO_32_BIT_CONVERSION = YES;
				GCC_WARN_ABOUT_RETURN_TYPE = YES;
				GCC_WARN_UNINITIALIZED_AUTOS = YES;
				GCC_WARN_UNUSED_VARIABLE = YES;
				MACOSX_DEPLOYMENT_TARGET = 10.7;
				ONLY_ACTIVE_ARCH = YES;
				SDKROOT = macosx;
			};
			name = Debug;
		};
		7FC445621714DB9F00155CFC /* Release */ = {
			isa = XCBuildConfiguration;
			buildSettings = {
				ALWAYS_SEARCH_USER_PATHS = NO;
				ARCHS = "$(ARCHS_STANDARD_64_BIT)";
				CLANG_CXX_LANGUAGE_STANDARD = "gnu++0x";
				CLANG_CXX_LIBRARY = "libc++";
				CLANG_WARN_CONSTANT_CONVERSION = YES;
				CLANG_WARN_EMPTY_BODY = YES;
				CLANG_WARN_ENUM_CONVERSION = YES;
				CLANG_WARN_INT_CONVERSION = YES;
				CLANG_WARN__DUPLICATE_METHOD_MATCH = YES;
				COPY_PHASE_STRIP = YES;
				DEBUG_INFORMATION_FORMAT = "dwarf-with-dsym";
				GCC_C_LANGUAGE_STANDARD = gnu99;
				GCC_ENABLE_OBJC_EXCEPTIONS = YES;
				GCC_WARN_64_TO_32_BIT_CONVERSION = YES;
				GCC_WARN_ABOUT_RETURN_TYPE = YES;
				GCC_WARN_UNINITIALIZED_AUTOS = YES;
				GCC_WARN_UNUSED_VARIABLE = YES;
				MACOSX_DEPLOYMENT_TARGET = 10.7;
				SDKROOT = macosx;
			};
			name = Release;
		};
		7FC445641714DB9F00155CFC /* Debug */ = {
			isa = XCBuildConfiguration;
			buildSettings = {
				GCC_PRECOMPILE_PREFIX_HEADER = YES;
				GCC_PREFIX_HEADER = "FizzBuzz_Objc/FizzBuzz_Objc-Prefix.pch";
				PRODUCT_NAME = "$(TARGET_NAME)";
			};
			name = Debug;
		};
		7FC445651714DB9F00155CFC /* Release */ = {
			isa = XCBuildConfiguration;
			buildSettings = {
				GCC_PRECOMPILE_PREFIX_HEADER = YES;
				GCC_PREFIX_HEADER = "FizzBuzz_Objc/FizzBuzz_Objc-Prefix.pch";
				PRODUCT_NAME = "$(TARGET_NAME)";
			};
			name = Release;
		};
/* End XCBuildConfiguration section */

/* Begin XCConfigurationList section */
		7FC445501714DB9E00155CFC /* Build configuration list for PBXProject "FizzBuzz_Objc" */ = {
			isa = XCConfigurationList;
			buildConfigurations = (
				7FC445611714DB9F00155CFC /* Debug */,
				7FC445621714DB9F00155CFC /* Release */,
			);
			defaultConfigurationIsVisible = 0;
			defaultConfigurationName = Release;
		};
		7FC445631714DB9F00155CFC /* Build configuration list for PBXNativeTarget "FizzBuzz_Objc" */ = {
			isa = XCConfigurationList;
			buildConfigurations = (
				7FC445641714DB9F00155CFC /* Debug */,
				7FC445651714DB9F00155CFC /* Release */,
			);
			defaultConfigurationIsVisible = 0;
		};
/* End XCConfigurationList section */
	};
	rootObject = 7FC4454D1714DB9E00155CFC /* Project object */;
}
